
Microsoft Visual Studio Solution File, Format Version 12.00
# Visual Studio 15
VisualStudioVersion = 15.0.28307.1082
MinimumVisualStudioVersion = 10.0.40219.1
Project("{FAE04EC0-301F-11D3-BF4B-00C04F79EFBC}") = "automationPipeline", "automationPipeline\automationPipeline.csproj", "{401F0B63-82A5-4FEE-A02F-981FDF7E02A8}"
EndProject
Global
	GlobalSection(SolutionConfigurationPlatforms) = preSolution
		Debug|Any CPU = Debug|Any CPU
		Release|Any CPU = Release|Any CPU
	EndGlobalSection
	GlobalSection(ProjectConfigurationPlatforms) = postSolution
		{401F0B63-82A5-4FEE-A02F-981FDF7E02A8}.Debug|Any CPU.ActiveCfg = Debug|Any CPU
		{401F0B63-82A5-4FEE-A02F-981FDF7E02A8}.Debug|Any CPU.Build.0 = Debug|Any CPU
		{401F0B63-82A5-4FEE-A02F-981FDF7E02A8}.Release|Any CPU.ActiveCfg = Release|Any CPU
		{401F0B63-82A5-4FEE-A02F-981FDF7E02A8}.Release|Any CPU.Build.0 = Release|Any CPU
	EndGlobalSection
	GlobalSection(SolutionProperties) = preSolution
		HideSolutionNode = FALSE
	EndGlobalSection
	GlobalSection(ExtensibilityGlobals) = postSolution
		SolutionGuid = {80F9EA64-7E92-47A1-9DA1-1BC8D01CA6B4}
	EndGlobalSection
EndGlobal
